
Microsoft Visual Studio Solution File, Format Version 12.00
# Visual Studio 2012
Project("{FAE04EC0-301F-11D3-BF4B-00C04F79EFBC}") = "WebFormCast", "WebFormCast\WebFormCast.csproj", "{B242D06E-3E90-41B9-B6EE-55B5BFE4C671}"
EndProject
Project("{FAE04EC0-301F-11D3-BF4B-00C04F79EFBC}") = "WebFormCast.DomailModel", "WebFormCast.DomailModel\WebFormCast.DomailModel.csproj", "{F170124B-D570-4999-84A3-D51A76B1D117}"
EndProject
Project("{CC5FD16D-436D-48AD-A40C-5A424C6E3E79}") = "WebFormCast.Azure", "WebFormCast.Azure\WebFormCast.Azure.ccproj", "{7EBFBE2D-BD09-4FFD-85FE-C919758E5BA8}"
EndProject
Global
	GlobalSection(SolutionConfigurationPlatforms) = preSolution
		Debug|Any CPU = Debug|Any CPU
		Release|Any CPU = Release|Any CPU
	EndGlobalSection
	GlobalSection(ProjectConfigurationPlatforms) = postSolution
		{B242D06E-3E90-41B9-B6EE-55B5BFE4C671}.Debug|Any CPU.ActiveCfg = Debug|Any CPU
		{B242D06E-3E90-41B9-B6EE-55B5BFE4C671}.Debug|Any CPU.Build.0 = Debug|Any CPU
		{B242D06E-3E90-41B9-B6EE-55B5BFE4C671}.Release|Any CPU.ActiveCfg = Release|Any CPU
		{B242D06E-3E90-41B9-B6EE-55B5BFE4C671}.Release|Any CPU.Build.0 = Release|Any CPU
		{F170124B-D570-4999-84A3-D51A76B1D117}.Debug|Any CPU.ActiveCfg = Debug|Any CPU
		{F170124B-D570-4999-84A3-D51A76B1D117}.Debug|Any CPU.Build.0 = Debug|Any CPU
		{F170124B-D570-4999-84A3-D51A76B1D117}.Release|Any CPU.ActiveCfg = Release|Any CPU
		{F170124B-D570-4999-84A3-D51A76B1D117}.Release|Any CPU.Build.0 = Release|Any CPU
		{7EBFBE2D-BD09-4FFD-85FE-C919758E5BA8}.Debug|Any CPU.ActiveCfg = Debug|Any CPU
		{7EBFBE2D-BD09-4FFD-85FE-C919758E5BA8}.Debug|Any CPU.Build.0 = Debug|Any CPU
		{7EBFBE2D-BD09-4FFD-85FE-C919758E5BA8}.Release|Any CPU.ActiveCfg = Release|Any CPU
		{7EBFBE2D-BD09-4FFD-85FE-C919758E5BA8}.Release|Any CPU.Build.0 = Release|Any CPU
	EndGlobalSection
	GlobalSection(SolutionProperties) = preSolution
		HideSolutionNode = FALSE
	EndGlobalSection
EndGlobal
